// !$*UTF8*$!
{
	archiveVersion = 1;
	classes = {
	};
	objectVersion = 46;
	objects = {

/* Begin PBXBuildFile section */
		A60E26821CF6B4EE00B83557 /* AppDelegate.swift in Sources */ = {isa = PBXBuildFile; fileRef = A60E26811CF6B4EE00B83557 /* AppDelegate.swift */; };
		A60E26841CF6B4EE00B83557 /* Assets.xcassets in Resources */ = {isa = PBXBuildFile; fileRef = A60E26831CF6B4EE00B83557 /* Assets.xcassets */; };
		A60E26871CF6B4EE00B83557 /* MainMenu.xib in Resources */ = {isa = PBXBuildFile; fileRef = A60E26851CF6B4EE00B83557 /* MainMenu.xib */; };
		A60E26921CF6BB4C00B83557 /* NetworkExtension.framework in Frameworks */ = {isa = PBXBuildFile; fileRef = A60E26911CF6BB4C00B83557 /* NetworkExtension.framework */; };
		A60E26941CF6D2C800B83557 /* Keychain.swift in Sources */ = {isa = PBXBuildFile; fileRef = A60E26931CF6D2C800B83557 /* Keychain.swift */; };
		A60E26961CF6D2FD00B83557 /* Security.framework in Frameworks */ = {isa = PBXBuildFile; fileRef = A60E26951CF6D2FD00B83557 /* Security.framework */; };
/* End PBXBuildFile section */

/* Begin PBXFileReference section */
		A60E267E1CF6B4EE00B83557 /* IKEv2-sample.app */ = {isa = PBXFileReference; explicitFileType = wrapper.application; includeInIndex = 0; path = "IKEv2-sample.app"; sourceTree = BUILT_PRODUCTS_DIR; };
		A60E26811CF6B4EE00B83557 /* AppDelegate.swift */ = {isa = PBXFileReference; lastKnownFileType = sourcecode.swift; path = AppDelegate.swift; sourceTree = "<group>"; };
		A60E26831CF6B4EE00B83557 /* Assets.xcassets */ = {isa = PBXFileReference; lastKnownFileType = folder.assetcatalog; path = Assets.xcassets; sourceTree = "<group>"; };
		A60E26861CF6B4EE00B83557 /* Base */ = {isa = PBXFileReference; lastKnownFileType = file.xib; name = Base; path = Base.lproj/MainMenu.xib; sourceTree = "<group>"; };
		A60E26881CF6B4EE00B83557 /* Info.plist */ = {isa = PBXFileReference; lastKnownFileType = text.plist.xml; path = Info.plist; sourceTree = "<group>"; };
		A60E26901CF6B67800B83557 /* IKEv2-sample.entitlements */ = {isa = PBXFileReference; lastKnownFileType = text.xml; path = "IKEv2-sample.entitlements"; sourceTree = "<group>"; };
		A60E26911CF6BB4C00B83557 /* NetworkExtension.framework */ = {isa = PBXFileReference; lastKnownFileType = wrapper.framework; name = NetworkExtension.framework; path = System/Library/Frameworks/NetworkExtension.framework; sourceTree = SDKROOT; };
		A60E26931CF6D2C800B83557 /* Keychain.swift */ = {isa = PBXFileReference; fileEncoding = 4; lastKnownFileType = sourcecode.swift; path = Keychain.swift; sourceTree = "<group>"; };
		A60E26951CF6D2FD00B83557 /* Security.framework */ = {isa = PBXFileReference; lastKnownFileType = wrapper.framework; name = Security.framework; path = System/Library/Frameworks/Security.framework; sourceTree = SDKROOT; };
/* End PBXFileReference section */

/* Begin PBXFrameworksBuildPhase section */
		A60E267B1CF6B4EE00B83557 /* Frameworks */ = {
			isa = PBXFrameworksBuildPhase;
			buildActionMask = 2147483647;
			files = (
				A60E26961CF6D2FD00B83557 /* Security.framework in Frameworks */,
				A60E26921CF6BB4C00B83557 /* NetworkExtension.framework in Frameworks */,
			);
			runOnlyForDeploymentPostprocessing = 0;
		};
/* End PBXFrameworksBuildPhase section */

/* Begin PBXGroup section */
		A60E26751CF6B4EE00B83557 = {
			isa = PBXGroup;
			children = (
				A60E26951CF6D2FD00B83557 /* Security.framework */,
				A60E26911CF6BB4C00B83557 /* NetworkExtension.framework */,
				A60E26801CF6B4EE00B83557 /* IKEv2-sample */,
				A60E267F1CF6B4EE00B83557 /* Products */,
			);
			sourceTree = "<group>";
		};
		A60E267F1CF6B4EE00B83557 /* Products */ = {
			isa = PBXGroup;
			children = (
				A60E267E1CF6B4EE00B83557 /* IKEv2-sample.app */,
			);
			name = Products;
			sourceTree = "<group>";
		};
		A60E26801CF6B4EE00B83557 /* IKEv2-sample */ = {
			isa = PBXGroup;
			children = (
				A60E26901CF6B67800B83557 /* IKEv2-sample.entitlements */,
				A60E26811CF6B4EE00B83557 /* AppDelegate.swift */,
				A60E26831CF6B4EE00B83557 /* Assets.xcassets */,
				A60E26851CF6B4EE00B83557 /* MainMenu.xib */,
				A60E26881CF6B4EE00B83557 /* Info.plist */,
				A60E26931CF6D2C800B83557 /* Keychain.swift */,
			);
			path = "IKEv2-sample";
			sourceTree = "<group>";
		};
/* End PBXGroup section */

/* Begin PBXNativeTarget section */
		A60E267D1CF6B4EE00B83557 /* IKEv2-sample */ = {
			isa = PBXNativeTarget;
			buildConfigurationList = A60E268B1CF6B4EE00B83557 /* Build configuration list for PBXNativeTarget "IKEv2-sample" */;
			buildPhases = (
				A60E267A1CF6B4EE00B83557 /* Sources */,
				A60E267B1CF6B4EE00B83557 /* Frameworks */,
				A60E267C1CF6B4EE00B83557 /* Resources */,
			);
			buildRules = (
			);
			dependencies = (
			);
			name = "IKEv2-sample";
			productName = "IKEv2-sample";
			productReference = A60E267E1CF6B4EE00B83557 /* IKEv2-sample.app */;
			productType = "com.apple.product-type.application";
		};
/* End PBXNativeTarget section */

/* Begin PBXProject section */
		A60E26761CF6B4EE00B83557 /* Project object */ = {
			isa = PBXProject;
			attributes = {
				LastSwiftUpdateCheck = 0730;
				LastUpgradeCheck = 0730;
				ORGANIZATIONNAME = Tefincom;
				TargetAttributes = {
					A60E267D1CF6B4EE00B83557 = {
						CreatedOnToolsVersion = 7.3;
						LastSwiftMigration = 0830;
						SystemCapabilities = {
							com.apple.Keychain = {
								enabled = 1;
							};
							com.apple.Sandbox = {
								enabled = 1;
							};
							com.apple.VPNLite = {
								enabled = 1;
							};
						};
					};
				};
			};
			buildConfigurationList = A60E26791CF6B4EE00B83557 /* Build configuration list for PBXProject "IKEv2-sample" */;
			compatibilityVersion = "Xcode 3.2";
			developmentRegion = English;
			hasScannedForEncodings = 0;
			knownRegions = (
				en,
				Base,
			);
			mainGroup = A60E26751CF6B4EE00B83557;
			productRefGroup = A60E267F1CF6B4EE00B83557 /* Products */;
			projectDirPath = "";
			projectRoot = "";
			targets = (
				A60E267D1CF6B4EE00B83557 /* IKEv2-sample */,
			);
		};
/* End PBXProject section */

/* Begin PBXResourcesBuildPhase section */
		A60E267C1CF6B4EE00B83557 /* Resources */ = {
			isa = PBXResourcesBuildPhase;
			buildActionMask = 2147483647;
			files = (
				A60E26841CF6B4EE00B83557 /* Assets.xcassets in Resources */,
				A60E26871CF6B4EE00B83557 /* MainMenu.xib in Resources */,
			);
			runOnlyForDeploymentPostprocessing = 0;
		};
/* End PBXResourcesBuildPhase section */

/* Begin PBXSourcesBuildPhase section */
		A60E267A1CF6B4EE00B83557 /* Sources */ = {
			isa = PBXSourcesBuildPhase;
			buildActionMask = 2147483647;
			files = (
				A60E26821CF6B4EE00B83557 /* AppDelegate.swift in Sources */,
				A60E26941CF6D2C800B83557 /* Keychain.swift in Sources */,
			);
			runOnlyForDeploymentPostprocessing = 0;
		};
/* End PBXSourcesBuildPhase section */

/* Begin PBXVariantGroup section */
		A60E26851CF6B4EE00B83557 /* MainMenu.xib */ = {
			isa = PBXVariantGroup;
			children = (
				A60E26861CF6B4EE00B83557 /* Base */,
			);
			name = MainMenu.xib;
			sourceTree = "<group>";
		};
/* End PBXVariantGroup section */

/* Begin XCBuildConfiguration section */
		A60E26891CF6B4EE00B83557 /* Debug */ = {
			isa = XCBuildConfiguration;
			buildSettings = {
				ALWAYS_SEARCH_USER_PATHS = NO;
				CLANG_ANALYZER_NONNULL = YES;
				CLANG_CXX_LANGUAGE_STANDARD = "gnu++0x";
				CLANG_CXX_LIBRARY = "libc++";
				CLANG_ENABLE_MODULES = YES;
				CLANG_ENABLE_OBJC_ARC = YES;
				CLANG_WARN_BOOL_CONVERSION = YES;
				CLANG_WARN_CONSTANT_CONVERSION = YES;
				CLANG_WARN_DIRECT_OBJC_ISA_USAGE = YES_ERROR;
				CLANG_WARN_EMPTY_BODY = YES;
				CLANG_WARN_ENUM_CONVERSION = YES;
				CLANG_WARN_INT_CONVERSION = YES;
				CLANG_WARN_OBJC_ROOT_CLASS = YES_ERROR;
				CLANG_WARN_UNREACHABLE_CODE = YES;
				CLANG_WARN__DUPLICATE_METHOD_MATCH = YES;
				CODE_SIGN_IDENTITY = "-";
				COPY_PHASE_STRIP = NO;
				DEBUG_INFORMATION_FORMAT = dwarf;
				ENABLE_STRICT_OBJC_MSGSEND = YES;
				ENABLE_TESTABILITY = YES;
				GCC_C_LANGUAGE_STANDARD = gnu99;
				GCC_DYNAMIC_NO_PIC = NO;
				GCC_NO_COMMON_BLOCKS = YES;
				GCC_OPTIMIZATION_LEVEL = 0;
				GCC_PREPROCESSOR_DEFINITIONS = (
					"DEBUG=1",
					"$(inherited)",
				);
				GCC_WARN_64_TO_32_BIT_CONVERSION = YES;
				GCC_WARN_ABOUT_RETURN_TYPE = YES_ERROR;
				GCC_WARN_UNDECLARED_SELECTOR = YES;
				GCC_WARN_UNINITIALIZED_AUTOS = YES_AGGRESSIVE;
				GCC_WARN_UNUSED_FUNCTION = YES;
				GCC_WARN_UNUSED_VARIABLE = YES;
				MACOSX_DEPLOYMENT_TARGET = 10.11;
				MTL_ENABLE_DEBUG_INFO = YES;
				ONLY_ACTIVE_ARCH = YES;
				SDKROOT = macosx;
				SWIFT_OPTIMIZATION_LEVEL = "-Onone";
			};
			name = Debug;
		};
		A60E268A1CF6B4EE00B83557 /* Release */ = {
			isa = XCBuildConfiguration;
			buildSettings = {
				ALWAYS_SEARCH_USER_PATHS = NO;
				CLANG_ANALYZER_NONNULL = YES;
				CLANG_CXX_LANGUAGE_STANDARD = "gnu++0x";
				CLANG_CXX_LIBRARY = "libc++";
				CLANG_ENABLE_MODULES = YES;
				CLANG_ENABLE_OBJC_ARC = YES;
				CLANG_WARN_BOOL_CONVERSION = YES;
				CLANG_WARN_CONSTANT_CONVERSION = YES;
				CLANG_WARN_DIRECT_OBJC_ISA_USAGE = YES_ERROR;
				CLANG_WARN_EMPTY_BODY = YES;
				CLANG_WARN_ENUM_CONVERSION = YES;
				CLANG_WARN_INT_CONVERSION = YES;
				CLANG_WARN_OBJC_ROOT_CLASS = YES_ERROR;
				CLANG_WARN_UNREACHABLE_CODE = YES;
				CLANG_WARN__DUPLICATE_METHOD_MATCH = YES;
				CODE_SIGN_IDENTITY = "-";
				COPY_PHASE_STRIP = NO;
				DEBUG_INFORMATION_FORMAT = "dwarf-with-dsym";
				ENABLE_NS_ASSERTIONS = NO;
				ENABLE_STRICT_OBJC_MSGSEND = YES;
				GCC_C_LANGUAGE_STANDARD = gnu99;
				GCC_NO_COMMON_BLOCKS = YES;
				GCC_WARN_64_TO_32_BIT_CONVERSION = YES;
				GCC_WARN_ABOUT_RETURN_TYPE = YES_ERROR;
				GCC_WARN_UNDECLARED_SELECTOR = YES;
				GCC_WARN_UNINITIALIZED_AUTOS = YES_AGGRESSIVE;
				GCC_WARN_UNUSED_FUNCTION = YES;
				GCC_WARN_UNUSED_VARIABLE = YES;
				MACOSX_DEPLOYMENT_TARGET = 10.11;
				MTL_ENABLE_DEBUG_INFO = NO;
				SDKROOT = macosx;
			};
			name = Release;
		};
		A60E268C1CF6B4EE00B83557 /* Debug */ = {
			isa = XCBuildConfiguration;
			buildSettings = {
				ASSETCATALOG_COMPILER_APPICON_NAME = AppIcon;
				CODE_SIGN_ENTITLEMENTS = "IKEv2-sample/IKEv2-sample.entitlements";
				CODE_SIGN_IDENTITY = "Mac Developer";
				COMBINE_HIDPI_IMAGES = YES;
				DEVELOPMENT_TEAM = "";
				INFOPLIST_FILE = "IKEv2-sample/Info.plist";
				LD_RUNPATH_SEARCH_PATHS = "$(inherited) @executable_path/../Frameworks";
				PRODUCT_BUNDLE_IDENTIFIER = com.anycompany.ikev2sample;
				PRODUCT_NAME = "$(TARGET_NAME)";
				SWIFT_VERSION = 3.0;
			};
			name = Debug;
		};
		A60E268D1CF6B4EE00B83557 /* Release */ = {
			isa = XCBuildConfiguration;
			buildSettings = {
				ASSETCATALOG_COMPILER_APPICON_NAME = AppIcon;
				CODE_SIGN_ENTITLEMENTS = "IKEv2-sample/IKEv2-sample.entitlements";
				CODE_SIGN_IDENTITY = "Mac Developer";
				COMBINE_HIDPI_IMAGES = YES;
				DEVELOPMENT_TEAM = "";
				INFOPLIST_FILE = "IKEv2-sample/Info.plist";
				LD_RUNPATH_SEARCH_PATHS = "$(inherited) @executable_path/../Frameworks";
				PRODUCT_BUNDLE_IDENTIFIER = com.anycompany.ikev2sample;
				PRODUCT_NAME = "$(TARGET_NAME)";
				SWIFT_VERSION = 3.0;
			};
			name = Release;
		};
/* End XCBuildConfiguration section */

/* Begin XCConfigurationList section */
		A60E26791CF6B4EE00B83557 /* Build configuration list for PBXProject "IKEv2-sample" */ = {
			isa = XCConfigurationList;
			buildConfigurations = (
				A60E26891CF6B4EE00B83557 /* Debug */,
				A60E268A1CF6B4EE00B83557 /* Release */,
			);
			defaultConfigurationIsVisible = 0;
			defaultConfigurationName = Release;
		};
		A60E268B1CF6B4EE00B83557 /* Build configuration list for PBXNativeTarget "IKEv2-sample" */ = {
			isa = XCConfigurationList;
			buildConfigurations = (
				A60E268C1CF6B4EE00B83557 /* Debug */,
				A60E268D1CF6B4EE00B83557 /* Release */,
			);
			defaultConfigurationIsVisible = 0;
			defaultConfigurationName = Release;
		};
/* End XCConfigurationList section */
	};
	rootObject = A60E26761CF6B4EE00B83557 /* Project object */;
}
